// !$*UTF8*$!
{
	archiveVersion = 1;
	classes = {
	};
	objectVersion = 48;
	objects = {

/* Begin PBXBuildFile section */
		553D412B1FACEB870041F46B /* AppDelegate.swift in Sources */ = {isa = PBXBuildFile; fileRef = 553D412A1FACEB870041F46B /* AppDelegate.swift */; };
		553D412D1FACEB870041F46B /* GameScene.sks in Resources */ = {isa = PBXBuildFile; fileRef = 553D412C1FACEB870041F46B /* GameScene.sks */; };
		553D41311FACEB870041F46B /* GameScene.swift in Sources */ = {isa = PBXBuildFile; fileRef = 553D41301FACEB870041F46B /* GameScene.swift */; };
		553D41331FACEB870041F46B /* GameViewController.swift in Sources */ = {isa = PBXBuildFile; fileRef = 553D41321FACEB870041F46B /* GameViewController.swift */; };
		553D41361FACEB870041F46B /* Main.storyboard in Resources */ = {isa = PBXBuildFile; fileRef = 553D41341FACEB870041F46B /* Main.storyboard */; };
		553D41381FACEB870041F46B /* Assets.xcassets in Resources */ = {isa = PBXBuildFile; fileRef = 553D41371FACEB870041F46B /* Assets.xcassets */; };
		553D413B1FACEB870041F46B /* LaunchScreen.storyboard in Resources */ = {isa = PBXBuildFile; fileRef = 553D41391FACEB870041F46B /* LaunchScreen.storyboard */; };
		553D41461FACEB870041F46B /* Project29Tests.swift in Sources */ = {isa = PBXBuildFile; fileRef = 553D41451FACEB870041F46B /* Project29Tests.swift */; };
		553D415D1FACEC1F0041F46B /* Helper.swift in Sources */ = {isa = PBXBuildFile; fileRef = 553D41501FACEC1F0041F46B /* Helper.swift */; };
		554AAAE91FB08BE2006CF7AC /* hitBuilding.sks in Resources */ = {isa = PBXBuildFile; fileRef = 554AAAE71FB08B8C006CF7AC /* hitBuilding.sks */; };
		554AAAEA1FB08BE6006CF7AC /* hitPlayer.sks in Resources */ = {isa = PBXBuildFile; fileRef = 554AAAE81FB08B8C006CF7AC /* hitPlayer.sks */; };
		558EFD9B1FAE96D800426917 /* Assets.atlas in Resources */ = {isa = PBXBuildFile; fileRef = 558EFD9A1FAE96D800426917 /* Assets.atlas */; };
		55FF1F001FAE68840042EE73 /* BuildingNode.swift in Sources */ = {isa = PBXBuildFile; fileRef = 55FF1EFF1FAE68840042EE73 /* BuildingNode.swift */; };
/* End PBXBuildFile section */

/* Begin PBXContainerItemProxy section */
		553D41421FACEB870041F46B /* PBXContainerItemProxy */ = {
			isa = PBXContainerItemProxy;
			containerPortal = 553D411F1FACEB870041F46B /* Project object */;
			proxyType = 1;
			remoteGlobalIDString = 553D41261FACEB870041F46B;
			remoteInfo = Project29;
		};
/* End PBXContainerItemProxy section */

/* Begin PBXFileReference section */
		553D41271FACEB870041F46B /* Project29.app */ = {isa = PBXFileReference; explicitFileType = wrapper.application; includeInIndex = 0; path = Project29.app; sourceTree = BUILT_PRODUCTS_DIR; };
		553D412A1FACEB870041F46B /* AppDelegate.swift */ = {isa = PBXFileReference; lastKnownFileType = sourcecode.swift; path = AppDelegate.swift; sourceTree = "<group>"; };
		553D412C1FACEB870041F46B /* GameScene.sks */ = {isa = PBXFileReference; lastKnownFileType = file.sks; path = GameScene.sks; sourceTree = "<group>"; };
		553D41301FACEB870041F46B /* GameScene.swift */ = {isa = PBXFileReference; lastKnownFileType = sourcecode.swift; path = GameScene.swift; sourceTree = "<group>"; };
		553D41321FACEB870041F46B /* GameViewController.swift */ = {isa = PBXFileReference; lastKnownFileType = sourcecode.swift; path = GameViewController.swift; sourceTree = "<group>"; };
		553D41351FACEB870041F46B /* Base */ = {isa = PBXFileReference; lastKnownFileType = file.storyboard; name = Base; path = Base.lproj/Main.storyboard; sourceTree = "<group>"; };
		553D41371FACEB870041F46B /* Assets.xcassets */ = {isa = PBXFileReference; lastKnownFileType = folder.assetcatalog; path = Assets.xcassets; sourceTree = "<group>"; };
		553D413A1FACEB870041F46B /* Base */ = {isa = PBXFileReference; lastKnownFileType = file.storyboard; name = Base; path = Base.lproj/LaunchScreen.storyboard; sourceTree = "<group>"; };
		553D413C1FACEB870041F46B /* Info.plist */ = {isa = PBXFileReference; lastKnownFileType = text.plist.xml; path = Info.plist; sourceTree = "<group>"; };
		553D41411FACEB870041F46B /* Project29Tests.xctest */ = {isa = PBXFileReference; explicitFileType = wrapper.cfbundle; includeInIndex = 0; path = Project29Tests.xctest; sourceTree = BUILT_PRODUCTS_DIR; };
		553D41451FACEB870041F46B /* Project29Tests.swift */ = {isa = PBXFileReference; lastKnownFileType = sourcecode.swift; path = Project29Tests.swift; sourceTree = "<group>"; };
		553D41471FACEB870041F46B /* Info.plist */ = {isa = PBXFileReference; lastKnownFileType = text.plist.xml; path = Info.plist; sourceTree = "<group>"; };
		553D41501FACEC1F0041F46B /* Helper.swift */ = {isa = PBXFileReference; fileEncoding = 4; lastKnownFileType = sourcecode.swift; path = Helper.swift; sourceTree = "<group>"; };
		554AAAE71FB08B8C006CF7AC /* hitBuilding.sks */ = {isa = PBXFileReference; lastKnownFileType = file.sks; path = hitBuilding.sks; sourceTree = "<group>"; };
		554AAAE81FB08B8C006CF7AC /* hitPlayer.sks */ = {isa = PBXFileReference; lastKnownFileType = file.sks; path = hitPlayer.sks; sourceTree = "<group>"; };
		558EFD9A1FAE96D800426917 /* Assets.atlas */ = {isa = PBXFileReference; lastKnownFileType = folder.skatlas; path = Assets.atlas; sourceTree = "<group>"; };
		55FF1EFF1FAE68840042EE73 /* BuildingNode.swift */ = {isa = PBXFileReference; lastKnownFileType = sourcecode.swift; path = BuildingNode.swift; sourceTree = "<group>"; };
/* End PBXFileReference section */

/* Begin PBXFrameworksBuildPhase section */
		553D41241FACEB870041F46B /* Frameworks */ = {
			isa = PBXFrameworksBuildPhase;
			buildActionMask = 2147483647;
			files = (
			);
			runOnlyForDeploymentPostprocessing = 0;
		};
		553D413E1FACEB870041F46B /* Frameworks */ = {
			isa = PBXFrameworksBuildPhase;
			buildActionMask = 2147483647;
			files = (
			);
			runOnlyForDeploymentPostprocessing = 0;
		};
/* End PBXFrameworksBuildPhase section */

/* Begin PBXGroup section */
		553D411E1FACEB870041F46B = {
			isa = PBXGroup;
			children = (
				553D41291FACEB870041F46B /* Project29 */,
				553D41441FACEB870041F46B /* Project29Tests */,
				553D41281FACEB870041F46B /* Products */,
			);
			sourceTree = "<group>";
		};
		553D41281FACEB870041F46B /* Products */ = {
			isa = PBXGroup;
			children = (
				553D41271FACEB870041F46B /* Project29.app */,
				553D41411FACEB870041F46B /* Project29Tests.xctest */,
			);
			name = Products;
			sourceTree = "<group>";
		};
		553D41291FACEB870041F46B /* Project29 */ = {
			isa = PBXGroup;
			children = (
				553D412A1FACEB870041F46B /* AppDelegate.swift */,
				553D41501FACEC1F0041F46B /* Helper.swift */,
				553D412C1FACEB870041F46B /* GameScene.sks */,
				553D41301FACEB870041F46B /* GameScene.swift */,
				553D41321FACEB870041F46B /* GameViewController.swift */,
				55FF1EFF1FAE68840042EE73 /* BuildingNode.swift */,
				558EFD9A1FAE96D800426917 /* Assets.atlas */,
				553D41341FACEB870041F46B /* Main.storyboard */,
				553D41371FACEB870041F46B /* Assets.xcassets */,
				554AAAE71FB08B8C006CF7AC /* hitBuilding.sks */,
				554AAAE81FB08B8C006CF7AC /* hitPlayer.sks */,
				553D41391FACEB870041F46B /* LaunchScreen.storyboard */,
				553D413C1FACEB870041F46B /* Info.plist */,
			);
			path = Project29;
			sourceTree = "<group>";
		};
		553D41441FACEB870041F46B /* Project29Tests */ = {
			isa = PBXGroup;
			children = (
				553D41451FACEB870041F46B /* Project29Tests.swift */,
				553D41471FACEB870041F46B /* Info.plist */,
			);
			path = Project29Tests;
			sourceTree = "<group>";
		};
/* End PBXGroup section */

/* Begin PBXNativeTarget section */
		553D41261FACEB870041F46B /* Project29 */ = {
			isa = PBXNativeTarget;
			buildConfigurationList = 553D414A1FACEB870041F46B /* Build configuration list for PBXNativeTarget "Project29" */;
			buildPhases = (
				553D41231FACEB870041F46B /* Sources */,
				553D41241FACEB870041F46B /* Frameworks */,
				553D41251FACEB870041F46B /* Resources */,
			);
			buildRules = (
			);
			dependencies = (
			);
			name = Project29;
			productName = Project29;
			productReference = 553D41271FACEB870041F46B /* Project29.app */;
			productType = "com.apple.product-type.application";
		};
		553D41401FACEB870041F46B /* Project29Tests */ = {
			isa = PBXNativeTarget;
			buildConfigurationList = 553D414D1FACEB870041F46B /* Build configuration list for PBXNativeTarget "Project29Tests" */;
			buildPhases = (
				553D413D1FACEB870041F46B /* Sources */,
				553D413E1FACEB870041F46B /* Frameworks */,
				553D413F1FACEB870041F46B /* Resources */,
			);
			buildRules = (
			);
			dependencies = (
				553D41431FACEB870041F46B /* PBXTargetDependency */,
			);
			name = Project29Tests;
			productName = Project29Tests;
			productReference = 553D41411FACEB870041F46B /* Project29Tests.xctest */;
			productType = "com.apple.product-type.bundle.unit-test";
		};
/* End PBXNativeTarget section */

/* Begin PBXProject section */
		553D411F1FACEB870041F46B /* Project object */ = {
			isa = PBXProject;
			attributes = {
				LastSwiftUpdateCheck = 0910;
				LastUpgradeCheck = 0910;
				ORGANIZATIONNAME = "halloween-jack";
				TargetAttributes = {
					553D41261FACEB870041F46B = {
						CreatedOnToolsVersion = 9.1;
						ProvisioningStyle = Automatic;
					};
					553D41401FACEB870041F46B = {
						CreatedOnToolsVersion = 9.1;
						ProvisioningStyle = Automatic;
						TestTargetID = 553D41261FACEB870041F46B;
					};
				};
			};
			buildConfigurationList = 553D41221FACEB870041F46B /* Build configuration list for PBXProject "Project29" */;
			compatibilityVersion = "Xcode 8.0";
			developmentRegion = en;
			hasScannedForEncodings = 0;
			knownRegions = (
				en,
				Base,
			);
			mainGroup = 553D411E1FACEB870041F46B;
			productRefGroup = 553D41281FACEB870041F46B /* Products */;
			projectDirPath = "";
			projectRoot = "";
			targets = (
				553D41261FACEB870041F46B /* Project29 */,
				553D41401FACEB870041F46B /* Project29Tests */,
			);
		};
/* End PBXProject section */

/* Begin PBXResourcesBuildPhase section */
		553D41251FACEB870041F46B /* Resources */ = {
			isa = PBXResourcesBuildPhase;
			buildActionMask = 2147483647;
			files = (
				554AAAEA1FB08BE6006CF7AC /* hitPlayer.sks in Resources */,
				553D41361FACEB870041F46B /* Main.storyboard in Resources */,
				553D412D1FACEB870041F46B /* GameScene.sks in Resources */,
				558EFD9B1FAE96D800426917 /* Assets.atlas in Resources */,
				553D41381FACEB870041F46B /* Assets.xcassets in Resources */,
				553D413B1FACEB870041F46B /* LaunchScreen.storyboard in Resources */,
				554AAAE91FB08BE2006CF7AC /* hitBuilding.sks in Resources */,
			);
			runOnlyForDeploymentPostprocessing = 0;
		};
		553D413F1FACEB870041F46B /* Resources */ = {
			isa = PBXResourcesBuildPhase;
			buildActionMask = 2147483647;
			files = (
			);
			runOnlyForDeploymentPostprocessing = 0;
		};
/* End PBXResourcesBuildPhase section */

/* Begin PBXSourcesBuildPhase section */
		553D41231FACEB870041F46B /* Sources */ = {
			isa = PBXSourcesBuildPhase;
			buildActionMask = 2147483647;
			files = (
				553D41311FACEB870041F46B /* GameScene.swift in Sources */,
				55FF1F001FAE68840042EE73 /* BuildingNode.swift in Sources */,
				553D41331FACEB870041F46B /* GameViewController.swift in Sources */,
				553D412B1FACEB870041F46B /* AppDelegate.swift in Sources */,
				553D415D1FACEC1F0041F46B /* Helper.swift in Sources */,
			);
			runOnlyForDeploymentPostprocessing = 0;
		};
		553D413D1FACEB870041F46B /* Sources */ = {
			isa = PBXSourcesBuildPhase;
			buildActionMask = 2147483647;
			files = (
				553D41461FACEB870041F46B /* Project29Tests.swift in Sources */,
			);
			runOnlyForDeploymentPostprocessing = 0;
		};
/* End PBXSourcesBuildPhase section */

/* Begin PBXTargetDependency section */
		553D41431FACEB870041F46B /* PBXTargetDependency */ = {
			isa = PBXTargetDependency;
			target = 553D41261FACEB870041F46B /* Project29 */;
			targetProxy = 553D41421FACEB870041F46B /* PBXContainerItemProxy */;
		};
/* End PBXTargetDependency section */

/* Begin PBXVariantGroup section */
		553D41341FACEB870041F46B /* Main.storyboard */ = {
			isa = PBXVariantGroup;
			children = (
				553D41351FACEB870041F46B /* Base */,
			);
			name = Main.storyboard;
			sourceTree = "<group>";
		};
		553D41391FACEB870041F46B /* LaunchScreen.storyboard */ = {
			isa = PBXVariantGroup;
			children = (
				553D413A1FACEB870041F46B /* Base */,
			);
			name = LaunchScreen.storyboard;
			sourceTree = "<group>";
		};
/* End PBXVariantGroup section */

/* Begin XCBuildConfiguration section */
		553D41481FACEB870041F46B /* Debug */ = {
			isa = XCBuildConfiguration;
			buildSettings = {
				ALWAYS_SEARCH_USER_PATHS = NO;
				CLANG_ANALYZER_NONNULL = YES;
				CLANG_ANALYZER_NUMBER_OBJECT_CONVERSION = YES_AGGRESSIVE;
				CLANG_CXX_LANGUAGE_STANDARD = "gnu++14";
				CLANG_CXX_LIBRARY = "libc++";
				CLANG_ENABLE_MODULES = YES;
				CLANG_ENABLE_OBJC_ARC = YES;
				CLANG_WARN_BLOCK_CAPTURE_AUTORELEASING = YES;
				CLANG_WARN_BOOL_CONVERSION = YES;
				CLANG_WARN_COMMA = YES;
				CLANG_WARN_CONSTANT_CONVERSION = YES;
				CLANG_WARN_DIRECT_OBJC_ISA_USAGE = YES_ERROR;
				CLANG_WARN_DOCUMENTATION_COMMENTS = YES;
				CLANG_WARN_EMPTY_BODY = YES;
				CLANG_WARN_ENUM_CONVERSION = YES;
				CLANG_WARN_INFINITE_RECURSION = YES;
				CLANG_WARN_INT_CONVERSION = YES;
				CLANG_WARN_NON_LITERAL_NULL_CONVERSION = YES;
				CLANG_WARN_OBJC_LITERAL_CONVERSION = YES;
				CLANG_WARN_OBJC_ROOT_CLASS = YES_ERROR;
				CLANG_WARN_RANGE_LOOP_ANALYSIS = YES;
				CLANG_WARN_STRICT_PROTOTYPES = YES;
				CLANG_WARN_SUSPICIOUS_MOVE = YES;
				CLANG_WARN_UNGUARDED_AVAILABILITY = YES_AGGRESSIVE;
				CLANG_WARN_UNREACHABLE_CODE = YES;
				CLANG_WARN__DUPLICATE_METHOD_MATCH = YES;
				CODE_SIGN_IDENTITY = "iPhone Developer";
				COPY_PHASE_STRIP = NO;
				DEBUG_INFORMATION_FORMAT = dwarf;
				ENABLE_STRICT_OBJC_MSGSEND = YES;
				ENABLE_TESTABILITY = YES;
				GCC_C_LANGUAGE_STANDARD = gnu11;
				GCC_DYNAMIC_NO_PIC = NO;
				GCC_NO_COMMON_BLOCKS = YES;
				GCC_OPTIMIZATION_LEVEL = 0;
				GCC_PREPROCESSOR_DEFINITIONS = (
					"DEBUG=1",
					"$(inherited)",
				);
				GCC_WARN_64_TO_32_BIT_CONVERSION = YES;
				GCC_WARN_ABOUT_RETURN_TYPE = YES_ERROR;
				GCC_WARN_UNDECLARED_SELECTOR = YES;
				GCC_WARN_UNINITIALIZED_AUTOS = YES_AGGRESSIVE;
				GCC_WARN_UNUSED_FUNCTION = YES;
				GCC_WARN_UNUSED_VARIABLE = YES;
				IPHONEOS_DEPLOYMENT_TARGET = 11.1;
				MTL_ENABLE_DEBUG_INFO = YES;
				ONLY_ACTIVE_ARCH = YES;
				SDKROOT = iphoneos;
				SWIFT_ACTIVE_COMPILATION_CONDITIONS = DEBUG;
				SWIFT_OPTIMIZATION_LEVEL = "-Onone";
			};
			name = Debug;
		};
		553D41491FACEB870041F46B /* Release */ = {
			isa = XCBuildConfiguration;
			buildSettings = {
				ALWAYS_SEARCH_USER_PATHS = NO;
				CLANG_ANALYZER_NONNULL = YES;
				CLANG_ANALYZER_NUMBER_OBJECT_CONVERSION = YES_AGGRESSIVE;
				CLANG_CXX_LANGUAGE_STANDARD = "gnu++14";
				CLANG_CXX_LIBRARY = "libc++";
				CLANG_ENABLE_MODULES = YES;
				CLANG_ENABLE_OBJC_ARC = YES;
				CLANG_WARN_BLOCK_CAPTURE_AUTORELEASING = YES;
				CLANG_WARN_BOOL_CONVERSION = YES;
				CLANG_WARN_COMMA = YES;
				CLANG_WARN_CONSTANT_CONVERSION = YES;
				CLANG_WARN_DIRECT_OBJC_ISA_USAGE = YES_ERROR;
				CLANG_WARN_DOCUMENTATION_COMMENTS = YES;
				CLANG_WARN_EMPTY_BODY = YES;
				CLANG_WARN_ENUM_CONVERSION = YES;
				CLANG_WARN_INFINITE_RECURSION = YES;
				CLANG_WARN_INT_CONVERSION = YES;
				CLANG_WARN_NON_LITERAL_NULL_CONVERSION = YES;
				CLANG_WARN_OBJC_LITERAL_CONVERSION = YES;
				CLANG_WARN_OBJC_ROOT_CLASS = YES_ERROR;
				CLANG_WARN_RANGE_LOOP_ANALYSIS = YES;
				CLANG_WARN_STRICT_PROTOTYPES = YES;
				CLANG_WARN_SUSPICIOUS_MOVE = YES;
				CLANG_WARN_UNGUARDED_AVAILABILITY = YES_AGGRESSIVE;
				CLANG_WARN_UNREACHABLE_CODE = YES;
				CLANG_WARN__DUPLICATE_METHOD_MATCH = YES;
				CODE_SIGN_IDENTITY = "iPhone Developer";
				COPY_PHASE_STRIP = NO;
				DEBUG_INFORMATION_FORMAT = "dwarf-with-dsym";
				ENABLE_NS_ASSERTIONS = NO;
				ENABLE_STRICT_OBJC_MSGSEND = YES;
				GCC_C_LANGUAGE_STANDARD = gnu11;
				GCC_NO_COMMON_BLOCKS = YES;
				GCC_WARN_64_TO_32_BIT_CONVERSION = YES;
				GCC_WARN_ABOUT_RETURN_TYPE = YES_ERROR;
				GCC_WARN_UNDECLARED_SELECTOR = YES;
				GCC_WARN_UNINITIALIZED_AUTOS = YES_AGGRESSIVE;
				GCC_WARN_UNUSED_FUNCTION = YES;
				GCC_WARN_UNUSED_VARIABLE = YES;
				IPHONEOS_DEPLOYMENT_TARGET = 11.1;
				MTL_ENABLE_DEBUG_INFO = NO;
				SDKROOT = iphoneos;
				SWIFT_OPTIMIZATION_LEVEL = "-Owholemodule";
				VALIDATE_PRODUCT = YES;
			};
			name = Release;
		};
		553D414B1FACEB870041F46B /* Debug */ = {
			isa = XCBuildConfiguration;
			buildSettings = {
				ASSETCATALOG_COMPILER_APPICON_NAME = AppIcon;
				CODE_SIGN_STYLE = Automatic;
				INFOPLIST_FILE = Project29/Info.plist;
				LD_RUNPATH_SEARCH_PATHS = "$(inherited) @executable_path/Frameworks";
				PRODUCT_BUNDLE_IDENTIFIER = com.example.Project29;
				PRODUCT_NAME = "$(TARGET_NAME)";
				SWIFT_VERSION = 4.0;
				TARGETED_DEVICE_FAMILY = 2;
			};
			name = Debug;
		};
		553D414C1FACEB870041F46B /* Release */ = {
			isa = XCBuildConfiguration;
			buildSettings = {
				ASSETCATALOG_COMPILER_APPICON_NAME = AppIcon;
				CODE_SIGN_STYLE = Automatic;
				INFOPLIST_FILE = Project29/Info.plist;
				LD_RUNPATH_SEARCH_PATHS = "$(inherited) @executable_path/Frameworks";
				PRODUCT_BUNDLE_IDENTIFIER = com.example.Project29;
				PRODUCT_NAME = "$(TARGET_NAME)";
				SWIFT_VERSION = 4.0;
				TARGETED_DEVICE_FAMILY = 2;
			};
			name = Release;
		};
		553D414E1FACEB870041F46B /* Debug */ = {
			isa = XCBuildConfiguration;
			buildSettings = {
				ALWAYS_EMBED_SWIFT_STANDARD_LIBRARIES = YES;
				BUNDLE_LOADER = "$(TEST_HOST)";
				CODE_SIGN_STYLE = Automatic;
				INFOPLIST_FILE = Project29Tests/Info.plist;
				LD_RUNPATH_SEARCH_PATHS = "$(inherited) @executable_path/Frameworks @loader_path/Frameworks";
				PRODUCT_BUNDLE_IDENTIFIER = com.example.Project29Tests;
				PRODUCT_NAME = "$(TARGET_NAME)";
				SWIFT_VERSION = 4.0;
				TARGETED_DEVICE_FAMILY = "1,2";
				TEST_HOST = "$(BUILT_PRODUCTS_DIR)/Project29.app/Project29";
			};
			name = Debug;
		};
		553D414F1FACEB870041F46B /* Release */ = {
			isa = XCBuildConfiguration;
			buildSettings = {
				ALWAYS_EMBED_SWIFT_STANDARD_LIBRARIES = YES;
				BUNDLE_LOADER = "$(TEST_HOST)";
				CODE_SIGN_STYLE = Automatic;
				INFOPLIST_FILE = Project29Tests/Info.plist;
				LD_RUNPATH_SEARCH_PATHS = "$(inherited) @executable_path/Frameworks @loader_path/Frameworks";
				PRODUCT_BUNDLE_IDENTIFIER = com.example.Project29Tests;
				PRODUCT_NAME = "$(TARGET_NAME)";
				SWIFT_VERSION = 4.0;
				TARGETED_DEVICE_FAMILY = "1,2";
				TEST_HOST = "$(BUILT_PRODUCTS_DIR)/Project29.app/Project29";
			};
			name = Release;
		};
/* End XCBuildConfiguration section */

/* Begin XCConfigurationList section */
		553D41221FACEB870041F46B /* Build configuration list for PBXProject "Project29" */ = {
			isa = XCConfigurationList;
			buildConfigurations = (
				553D41481FACEB870041F46B /* Debug */,
				553D41491FACEB870041F46B /* Release */,
			);
			defaultConfigurationIsVisible = 0;
			defaultConfigurationName = Release;
		};
		553D414A1FACEB870041F46B /* Build configuration list for PBXNativeTarget "Project29" */ = {
			isa = XCConfigurationList;
			buildConfigurations = (
				553D414B1FACEB870041F46B /* Debug */,
				553D414C1FACEB870041F46B /* Release */,
			);
			defaultConfigurationIsVisible = 0;
			defaultConfigurationName = Release;
		};
		553D414D1FACEB870041F46B /* Build configuration list for PBXNativeTarget "Project29Tests" */ = {
			isa = XCConfigurationList;
			buildConfigurations = (
				553D414E1FACEB870041F46B /* Debug */,
				553D414F1FACEB870041F46B /* Release */,
			);
			defaultConfigurationIsVisible = 0;
			defaultConfigurationName = Release;
		};
/* End XCConfigurationList section */
	};
	rootObject = 553D411F1FACEB870041F46B /* Project object */;
}
